// !$*UTF8*$!
{
	archiveVersion = 1;
	classes = {
	};
	objectVersion = 50;
	objects = {

/* Begin PBXBuildFile section */
		17437A0120EEBBB800F07D77 /* GradientMaskView.swift in Sources */ = {isa = PBXBuildFile; fileRef = 17437A0020EEBBB800F07D77 /* GradientMaskView.swift */; };
		17437A0320EEBBDE00F07D77 /* GradientView.swift in Sources */ = {isa = PBXBuildFile; fileRef = 17437A0220EEBBDE00F07D77 /* GradientView.swift */; };
		17742D3820B36B2C00838E5B /* iOS_Utilities.framework in Frameworks */ = {isa = PBXBuildFile; fileRef = 17742D2E20B36B2C00838E5B /* iOS_Utilities.framework */; };
		17742D3D20B36B2C00838E5B /* iOS_Utilities_Tests.swift in Sources */ = {isa = PBXBuildFile; fileRef = 17742D3C20B36B2C00838E5B /* iOS_Utilities_Tests.swift */; };
		17742D3F20B36B2C00838E5B /* iOS_Utilities.h in Headers */ = {isa = PBXBuildFile; fileRef = 17742D3120B36B2C00838E5B /* iOS_Utilities.h */; settings = {ATTRIBUTES = (Public, ); }; };
		17742D5920B37A4900838E5B /* Broadcaster.swift in Sources */ = {isa = PBXBuildFile; fileRef = 17742D5820B37A4900838E5B /* Broadcaster.swift */; };
		17742D5B20B37AAD00838E5B /* Keychain.swift in Sources */ = {isa = PBXBuildFile; fileRef = 17742D5A20B37AAD00838E5B /* Keychain.swift */; };
		17742D5D20B37B8C00838E5B /* FadingVolumePlayer.swift in Sources */ = {isa = PBXBuildFile; fileRef = 17742D5C20B37B8C00838E5B /* FadingVolumePlayer.swift */; };
		17742D5F20B37BB400838E5B /* Easing.swift in Sources */ = {isa = PBXBuildFile; fileRef = 17742D5E20B37BB400838E5B /* Easing.swift */; };
		17742D6120B37C2300838E5B /* Timer+Additions.swift in Sources */ = {isa = PBXBuildFile; fileRef = 17742D6020B37C2300838E5B /* Timer+Additions.swift */; };
		17742D6520B37CE100838E5B /* OffScreenViewRegistrar.swift in Sources */ = {isa = PBXBuildFile; fileRef = 17742D6420B37CE100838E5B /* OffScreenViewRegistrar.swift */; };
		17742D6720B37D2B00838E5B /* OffScreenViewTableView.swift in Sources */ = {isa = PBXBuildFile; fileRef = 17742D6620B37D2B00838E5B /* OffScreenViewTableView.swift */; };
		17742D6920B37D5E00838E5B /* OffScreenViewCollectionView.swift in Sources */ = {isa = PBXBuildFile; fileRef = 17742D6820B37D5E00838E5B /* OffScreenViewCollectionView.swift */; };
		17742D6B20B37D8200838E5B /* FadingImageView.swift in Sources */ = {isa = PBXBuildFile; fileRef = 17742D6A20B37D8200838E5B /* FadingImageView.swift */; };
		17742D6D20B37DA300838E5B /* Utilities.swift in Sources */ = {isa = PBXBuildFile; fileRef = 17742D6C20B37DA300838E5B /* Utilities.swift */; };
		17742D6F20B37E3E00838E5B /* HairlineView.swift in Sources */ = {isa = PBXBuildFile; fileRef = 17742D6E20B37E3E00838E5B /* HairlineView.swift */; };
		17742D7120B37E5F00838E5B /* SelfSizingContainerView.swift in Sources */ = {isa = PBXBuildFile; fileRef = 17742D7020B37E5F00838E5B /* SelfSizingContainerView.swift */; };
		17742D7320B37E7200838E5B /* TransparentNavigationBar.swift in Sources */ = {isa = PBXBuildFile; fileRef = 17742D7220B37E7200838E5B /* TransparentNavigationBar.swift */; };
		17742D7520B37E8900838E5B /* UIImage+Additions.swift in Sources */ = {isa = PBXBuildFile; fileRef = 17742D7420B37E8900838E5B /* UIImage+Additions.swift */; };
		17742D7720B37EC600838E5B /* MinimumHitTargetButton.swift in Sources */ = {isa = PBXBuildFile; fileRef = 17742D7620B37EC600838E5B /* MinimumHitTargetButton.swift */; };
		17742D7920B37EE100838E5B /* PassthroughView.swift in Sources */ = {isa = PBXBuildFile; fileRef = 17742D7820B37EE100838E5B /* PassthroughView.swift */; };
		17742D7B20B37F0C00838E5B /* AppVersionTracker.swift in Sources */ = {isa = PBXBuildFile; fileRef = 17742D7A20B37F0C00838E5B /* AppVersionTracker.swift */; };
		17742D7D20B37FD600838E5B /* SegueHandler.swift in Sources */ = {isa = PBXBuildFile; fileRef = 17742D7C20B37FD600838E5B /* SegueHandler.swift */; };
		17742D7F20B3802700838E5B /* StoryboardIdentifiable.swift in Sources */ = {isa = PBXBuildFile; fileRef = 17742D7E20B3802700838E5B /* StoryboardIdentifiable.swift */; };
		17742D8120B3804500838E5B /* String+Additions.swift in Sources */ = {isa = PBXBuildFile; fileRef = 17742D8020B3804500838E5B /* String+Additions.swift */; };
		17742D8320B3807100838E5B /* TimeInterval+ISO8601.swift in Sources */ = {isa = PBXBuildFile; fileRef = 17742D8220B3807100838E5B /* TimeInterval+ISO8601.swift */; };
		17742D8520B3809200838E5B /* Date+ISO8601.swift in Sources */ = {isa = PBXBuildFile; fileRef = 17742D8420B3809200838E5B /* Date+ISO8601.swift */; };
		17742D8720B380A900838E5B /* CharacterSet+Additions.swift in Sources */ = {isa = PBXBuildFile; fileRef = 17742D8620B380A900838E5B /* CharacterSet+Additions.swift */; };
		17742D8920B380E500838E5B /* Array+Additions.swift in Sources */ = {isa = PBXBuildFile; fileRef = 17742D8820B380E500838E5B /* Array+Additions.swift */; };
		17742D8B20B3811900838E5B /* UIButton+VerticalComponents.swift in Sources */ = {isa = PBXBuildFile; fileRef = 17742D8A20B3811900838E5B /* UIButton+VerticalComponents.swift */; };
		17742D8D20B3813A00838E5B /* NSMutableAttributedString+Additions.swift in Sources */ = {isa = PBXBuildFile; fileRef = 17742D8C20B3813A00838E5B /* NSMutableAttributedString+Additions.swift */; };
		17742D8F20B3815300838E5B /* Error+Additions.swift in Sources */ = {isa = PBXBuildFile; fileRef = 17742D8E20B3815300838E5B /* Error+Additions.swift */; };
		17742D9120B3816F00838E5B /* UITableView+Additions.swift in Sources */ = {isa = PBXBuildFile; fileRef = 17742D9020B3816F00838E5B /* UITableView+Additions.swift */; };
		17742DC020B3A13B00838E5B /* UIViewAnimationOptions+Additions.swift in Sources */ = {isa = PBXBuildFile; fileRef = 17742DBF20B3A13B00838E5B /* UIViewAnimationOptions+Additions.swift */; };
		17742DC820B3A26200838E5B /* KeyboardObserving.swift in Sources */ = {isa = PBXBuildFile; fileRef = 17742DC720B3A26200838E5B /* KeyboardObserving.swift */; };
		17742DCA20B3A28A00838E5B /* SenderWrapper.swift in Sources */ = {isa = PBXBuildFile; fileRef = 17742DC920B3A28A00838E5B /* SenderWrapper.swift */; };
		179AFA63215D17F200668FA3 /* AngleGradientLayer.m in Sources */ = {isa = PBXBuildFile; fileRef = 179AFA48215D17F200668FA3 /* AngleGradientLayer.m */; };
		179AFA64215D17F200668FA3 /* AngleGradientLayer.h in Headers */ = {isa = PBXBuildFile; fileRef = 179AFA49215D17F200668FA3 /* AngleGradientLayer.h */; settings = {ATTRIBUTES = (Public, ); }; };
/* End PBXBuildFile section */

/* Begin PBXContainerItemProxy section */
		17742D3920B36B2C00838E5B /* PBXContainerItemProxy */ = {
			isa = PBXContainerItemProxy;
			containerPortal = 17742D2520B36B2C00838E5B /* Project object */;
			proxyType = 1;
			remoteGlobalIDString = 17742D2D20B36B2C00838E5B;
			remoteInfo = "iOS Utilities";
		};
/* End PBXContainerItemProxy section */

/* Begin PBXFileReference section */
		17437A0020EEBBB800F07D77 /* GradientMaskView.swift */ = {isa = PBXFileReference; lastKnownFileType = sourcecode.swift; path = GradientMaskView.swift; sourceTree = "<group>"; };
		17437A0220EEBBDE00F07D77 /* GradientView.swift */ = {isa = PBXFileReference; lastKnownFileType = sourcecode.swift; path = GradientView.swift; sourceTree = "<group>"; };
		17742D2E20B36B2C00838E5B /* iOS_Utilities.framework */ = {isa = PBXFileReference; explicitFileType = wrapper.framework; includeInIndex = 0; path = iOS_Utilities.framework; sourceTree = BUILT_PRODUCTS_DIR; };
		17742D3120B36B2C00838E5B /* iOS_Utilities.h */ = {isa = PBXFileReference; lastKnownFileType = sourcecode.c.h; path = iOS_Utilities.h; sourceTree = "<group>"; };
		17742D3220B36B2C00838E5B /* Info.plist */ = {isa = PBXFileReference; lastKnownFileType = text.plist.xml; path = Info.plist; sourceTree = "<group>"; };
		17742D3720B36B2C00838E5B /* iOS Utilities Tests.xctest */ = {isa = PBXFileReference; explicitFileType = wrapper.cfbundle; includeInIndex = 0; path = "iOS Utilities Tests.xctest"; sourceTree = BUILT_PRODUCTS_DIR; };
		17742D3C20B36B2C00838E5B /* iOS_Utilities_Tests.swift */ = {isa = PBXFileReference; lastKnownFileType = sourcecode.swift; path = iOS_Utilities_Tests.swift; sourceTree = "<group>"; };
		17742D3E20B36B2C00838E5B /* Info.plist */ = {isa = PBXFileReference; lastKnownFileType = text.plist.xml; path = Info.plist; sourceTree = "<group>"; };
		17742D5820B37A4900838E5B /* Broadcaster.swift */ = {isa = PBXFileReference; lastKnownFileType = sourcecode.swift; path = Broadcaster.swift; sourceTree = "<group>"; };
		17742D5A20B37AAD00838E5B /* Keychain.swift */ = {isa = PBXFileReference; lastKnownFileType = sourcecode.swift; path = Keychain.swift; sourceTree = "<group>"; };
		17742D5C20B37B8C00838E5B /* FadingVolumePlayer.swift */ = {isa = PBXFileReference; lastKnownFileType = sourcecode.swift; path = FadingVolumePlayer.swift; sourceTree = "<group>"; };
		17742D5E20B37BB400838E5B /* Easing.swift */ = {isa = PBXFileReference; lastKnownFileType = sourcecode.swift; path = Easing.swift; sourceTree = "<group>"; };
		17742D6020B37C2300838E5B /* Timer+Additions.swift */ = {isa = PBXFileReference; lastKnownFileType = sourcecode.swift; path = "Timer+Additions.swift"; sourceTree = "<group>"; };
		17742D6420B37CE100838E5B /* OffScreenViewRegistrar.swift */ = {isa = PBXFileReference; lastKnownFileType = sourcecode.swift; path = OffScreenViewRegistrar.swift; sourceTree = "<group>"; };
		17742D6620B37D2B00838E5B /* OffScreenViewTableView.swift */ = {isa = PBXFileReference; lastKnownFileType = sourcecode.swift; path = OffScreenViewTableView.swift; sourceTree = "<group>"; };
		17742D6820B37D5E00838E5B /* OffScreenViewCollectionView.swift */ = {isa = PBXFileReference; lastKnownFileType = sourcecode.swift; path = OffScreenViewCollectionView.swift; sourceTree = "<group>"; };
		17742D6A20B37D8200838E5B /* FadingImageView.swift */ = {isa = PBXFileReference; lastKnownFileType = sourcecode.swift; path = FadingImageView.swift; sourceTree = "<group>"; };
		17742D6C20B37DA300838E5B /* Utilities.swift */ = {isa = PBXFileReference; lastKnownFileType = sourcecode.swift; path = Utilities.swift; sourceTree = "<group>"; };
		17742D6E20B37E3E00838E5B /* HairlineView.swift */ = {isa = PBXFileReference; lastKnownFileType = sourcecode.swift; path = HairlineView.swift; sourceTree = "<group>"; };
		17742D7020B37E5F00838E5B /* SelfSizingContainerView.swift */ = {isa = PBXFileReference; lastKnownFileType = sourcecode.swift; path = SelfSizingContainerView.swift; sourceTree = "<group>"; };
		17742D7220B37E7200838E5B /* TransparentNavigationBar.swift */ = {isa = PBXFileReference; lastKnownFileType = sourcecode.swift; path = TransparentNavigationBar.swift; sourceTree = "<group>"; };
		17742D7420B37E8900838E5B /* UIImage+Additions.swift */ = {isa = PBXFileReference; lastKnownFileType = sourcecode.swift; path = "UIImage+Additions.swift"; sourceTree = "<group>"; };
		17742D7620B37EC600838E5B /* MinimumHitTargetButton.swift */ = {isa = PBXFileReference; lastKnownFileType = sourcecode.swift; path = MinimumHitTargetButton.swift; sourceTree = "<group>"; };
		17742D7820B37EE100838E5B /* PassthroughView.swift */ = {isa = PBXFileReference; lastKnownFileType = sourcecode.swift; path = PassthroughView.swift; sourceTree = "<group>"; };
		17742D7A20B37F0C00838E5B /* AppVersionTracker.swift */ = {isa = PBXFileReference; lastKnownFileType = sourcecode.swift; path = AppVersionTracker.swift; sourceTree = "<group>"; };
		17742D7C20B37FD600838E5B /* SegueHandler.swift */ = {isa = PBXFileReference; lastKnownFileType = sourcecode.swift; path = SegueHandler.swift; sourceTree = "<group>"; };
		17742D7E20B3802700838E5B /* StoryboardIdentifiable.swift */ = {isa = PBXFileReference; lastKnownFileType = sourcecode.swift; path = StoryboardIdentifiable.swift; sourceTree = "<group>"; };
		17742D8020B3804500838E5B /* String+Additions.swift */ = {isa = PBXFileReference; lastKnownFileType = sourcecode.swift; path = "String+Additions.swift"; sourceTree = "<group>"; };
		17742D8220B3807100838E5B /* TimeInterval+ISO8601.swift */ = {isa = PBXFileReference; lastKnownFileType = sourcecode.swift; path = "TimeInterval+ISO8601.swift"; sourceTree = "<group>"; };
		17742D8420B3809200838E5B /* Date+ISO8601.swift */ = {isa = PBXFileReference; lastKnownFileType = sourcecode.swift; path = "Date+ISO8601.swift"; sourceTree = "<group>"; };
		17742D8620B380A900838E5B /* CharacterSet+Additions.swift */ = {isa = PBXFileReference; lastKnownFileType = sourcecode.swift; path = "CharacterSet+Additions.swift"; sourceTree = "<group>"; };
		17742D8820B380E500838E5B /* Array+Additions.swift */ = {isa = PBXFileReference; lastKnownFileType = sourcecode.swift; path = "Array+Additions.swift"; sourceTree = "<group>"; };
		17742D8A20B3811900838E5B /* UIButton+VerticalComponents.swift */ = {isa = PBXFileReference; lastKnownFileType = sourcecode.swift; path = "UIButton+VerticalComponents.swift"; sourceTree = "<group>"; };
		17742D8C20B3813A00838E5B /* NSMutableAttributedString+Additions.swift */ = {isa = PBXFileReference; lastKnownFileType = sourcecode.swift; path = "NSMutableAttributedString+Additions.swift"; sourceTree = "<group>"; };
		17742D8E20B3815300838E5B /* Error+Additions.swift */ = {isa = PBXFileReference; lastKnownFileType = sourcecode.swift; path = "Error+Additions.swift"; sourceTree = "<group>"; };
		17742D9020B3816F00838E5B /* UITableView+Additions.swift */ = {isa = PBXFileReference; lastKnownFileType = sourcecode.swift; path = "UITableView+Additions.swift"; sourceTree = "<group>"; };
		17742DBF20B3A13B00838E5B /* UIViewAnimationOptions+Additions.swift */ = {isa = PBXFileReference; lastKnownFileType = sourcecode.swift; path = "UIViewAnimationOptions+Additions.swift"; sourceTree = "<group>"; };
		17742DC720B3A26200838E5B /* KeyboardObserving.swift */ = {isa = PBXFileReference; lastKnownFileType = sourcecode.swift; path = KeyboardObserving.swift; sourceTree = "<group>"; };
		17742DC920B3A28A00838E5B /* SenderWrapper.swift */ = {isa = PBXFileReference; lastKnownFileType = sourcecode.swift; path = SenderWrapper.swift; sourceTree = "<group>"; };
		179AFA48215D17F200668FA3 /* AngleGradientLayer.m */ = {isa = PBXFileReference; fileEncoding = 4; lastKnownFileType = sourcecode.c.objc; path = AngleGradientLayer.m; sourceTree = "<group>"; };
		179AFA49215D17F200668FA3 /* AngleGradientLayer.h */ = {isa = PBXFileReference; fileEncoding = 4; lastKnownFileType = sourcecode.c.h; path = AngleGradientLayer.h; sourceTree = "<group>"; };
/* End PBXFileReference section */

/* Begin PBXFrameworksBuildPhase section */
		17742D2A20B36B2C00838E5B /* Frameworks */ = {
			isa = PBXFrameworksBuildPhase;
			buildActionMask = 2147483647;
			files = (
			);
			runOnlyForDeploymentPostprocessing = 0;
		};
		17742D3420B36B2C00838E5B /* Frameworks */ = {
			isa = PBXFrameworksBuildPhase;
			buildActionMask = 2147483647;
			files = (
				17742D3820B36B2C00838E5B /* iOS_Utilities.framework in Frameworks */,
			);
			runOnlyForDeploymentPostprocessing = 0;
		};
/* End PBXFrameworksBuildPhase section */

/* Begin PBXGroup section */
		17742D2420B36B2C00838E5B = {
			isa = PBXGroup;
			children = (
				17742D3020B36B2C00838E5B /* iOS Utilities */,
				17742D3B20B36B2C00838E5B /* iOS Utilities Tests */,
				17742D2F20B36B2C00838E5B /* Products */,
			);
			sourceTree = "<group>";
		};
		17742D2F20B36B2C00838E5B /* Products */ = {
			isa = PBXGroup;
			children = (
				17742D2E20B36B2C00838E5B /* iOS_Utilities.framework */,
				17742D3720B36B2C00838E5B /* iOS Utilities Tests.xctest */,
			);
			name = Products;
			sourceTree = "<group>";
		};
		17742D3020B36B2C00838E5B /* iOS Utilities */ = {
			isa = PBXGroup;
			children = (
				17742D3120B36B2C00838E5B /* iOS_Utilities.h */,
				17742D3220B36B2C00838E5B /* Info.plist */,
				17742D5420B3795200838E5B /* Utilities */,
				17742D5520B3795D00838E5B /* Views */,
				17742D5620B3796700838E5B /* Controllers */,
			);
			path = "iOS Utilities";
			sourceTree = "<group>";
		};
		17742D3B20B36B2C00838E5B /* iOS Utilities Tests */ = {
			isa = PBXGroup;
			children = (
				17742D3C20B36B2C00838E5B /* iOS_Utilities_Tests.swift */,
				17742D3E20B36B2C00838E5B /* Info.plist */,
			);
			path = "iOS Utilities Tests";
			sourceTree = "<group>";
		};
		17742D5420B3795200838E5B /* Utilities */ = {
			isa = PBXGroup;
			children = (
				17742D6C20B37DA300838E5B /* Utilities.swift */,
				17742D7A20B37F0C00838E5B /* AppVersionTracker.swift */,
				17742D8820B380E500838E5B /* Array+Additions.swift */,
				17742D8620B380A900838E5B /* CharacterSet+Additions.swift */,
				17742D8420B3809200838E5B /* Date+ISO8601.swift */,
				17742D5E20B37BB400838E5B /* Easing.swift */,
				17742D8E20B3815300838E5B /* Error+Additions.swift */,
				17742D8C20B3813A00838E5B /* NSMutableAttributedString+Additions.swift */,
				17742D7C20B37FD600838E5B /* SegueHandler.swift */,
				17742DC920B3A28A00838E5B /* SenderWrapper.swift */,
				17742D7E20B3802700838E5B /* StoryboardIdentifiable.swift */,
				17742D8020B3804500838E5B /* String+Additions.swift */,
				17742D6020B37C2300838E5B /* Timer+Additions.swift */,
				17742D8220B3807100838E5B /* TimeInterval+ISO8601.swift */,
				17742D8A20B3811900838E5B /* UIButton+VerticalComponents.swift */,
				17742D7420B37E8900838E5B /* UIImage+Additions.swift */,
				17742D9020B3816F00838E5B /* UITableView+Additions.swift */,
				17742DBF20B3A13B00838E5B /* UIViewAnimationOptions+Additions.swift */,
			);
			path = Utilities;
			sourceTree = "<group>";
		};
		17742D5520B3795D00838E5B /* Views */ = {
			isa = PBXGroup;
			children = (
				17742D6320B37CC200838E5B /* Off Screen Cell Registration */,
				17742D6A20B37D8200838E5B /* FadingImageView.swift */,
				17742D6E20B37E3E00838E5B /* HairlineView.swift */,
				17437A0220EEBBDE00F07D77 /* GradientView.swift */,
				17437A0020EEBBB800F07D77 /* GradientMaskView.swift */,
				17742DC720B3A26200838E5B /* KeyboardObserving.swift */,
				17742D7620B37EC600838E5B /* MinimumHitTargetButton.swift */,
				17742D7820B37EE100838E5B /* PassthroughView.swift */,
				17742D7020B37E5F00838E5B /* SelfSizingContainerView.swift */,
				17742D7220B37E7200838E5B /* TransparentNavigationBar.swift */,
				179AFA47215D17F200668FA3 /* AngleGradientLayer */,
			);
			path = Views;
			sourceTree = "<group>";
		};
		17742D5620B3796700838E5B /* Controllers */ = {
			isa = PBXGroup;
			children = (
				17742D5820B37A4900838E5B /* Broadcaster.swift */,
				17742D5A20B37AAD00838E5B /* Keychain.swift */,
				17742D5C20B37B8C00838E5B /* FadingVolumePlayer.swift */,
			);
			path = Controllers;
			sourceTree = "<group>";
		};
		17742D6320B37CC200838E5B /* Off Screen Cell Registration */ = {
			isa = PBXGroup;
			children = (
				17742D6420B37CE100838E5B /* OffScreenViewRegistrar.swift */,
				17742D6620B37D2B00838E5B /* OffScreenViewTableView.swift */,
				17742D6820B37D5E00838E5B /* OffScreenViewCollectionView.swift */,
			);
			name = "Off Screen Cell Registration";
			sourceTree = "<group>";
		};
		179AFA47215D17F200668FA3 /* AngleGradientLayer */ = {
			isa = PBXGroup;
			children = (
				179AFA48215D17F200668FA3 /* AngleGradientLayer.m */,
				179AFA49215D17F200668FA3 /* AngleGradientLayer.h */,
			);
			path = AngleGradientLayer;
			sourceTree = "<group>";
		};
/* End PBXGroup section */

/* Begin PBXHeadersBuildPhase section */
		17742D2B20B36B2C00838E5B /* Headers */ = {
			isa = PBXHeadersBuildPhase;
			buildActionMask = 2147483647;
			files = (
				179AFA64215D17F200668FA3 /* AngleGradientLayer.h in Headers */,
				17742D3F20B36B2C00838E5B /* iOS_Utilities.h in Headers */,
			);
			runOnlyForDeploymentPostprocessing = 0;
		};
/* End PBXHeadersBuildPhase section */

/* Begin PBXNativeTarget section */
		17742D2D20B36B2C00838E5B /* iOS Utilities */ = {
			isa = PBXNativeTarget;
			buildConfigurationList = 17742D4220B36B2C00838E5B /* Build configuration list for PBXNativeTarget "iOS Utilities" */;
			buildPhases = (
				17742D2920B36B2C00838E5B /* Sources */,
				17742D2A20B36B2C00838E5B /* Frameworks */,
				17742D2B20B36B2C00838E5B /* Headers */,
				17742D2C20B36B2C00838E5B /* Resources */,
			);
			buildRules = (
			);
			dependencies = (
			);
			name = "iOS Utilities";
			productName = "iOS Utilities";
			productReference = 17742D2E20B36B2C00838E5B /* iOS_Utilities.framework */;
			productType = "com.apple.product-type.framework";
		};
		17742D3620B36B2C00838E5B /* iOS Utilities Tests */ = {
			isa = PBXNativeTarget;
			buildConfigurationList = 17742D4520B36B2C00838E5B /* Build configuration list for PBXNativeTarget "iOS Utilities Tests" */;
			buildPhases = (
				17742D3320B36B2C00838E5B /* Sources */,
				17742D3420B36B2C00838E5B /* Frameworks */,
				17742D3520B36B2C00838E5B /* Resources */,
			);
			buildRules = (
			);
			dependencies = (
				17742D3A20B36B2C00838E5B /* PBXTargetDependency */,
			);
			name = "iOS Utilities Tests";
			productName = "iOS UtilitiesTests";
			productReference = 17742D3720B36B2C00838E5B /* iOS Utilities Tests.xctest */;
			productType = "com.apple.product-type.bundle.unit-test";
		};
/* End PBXNativeTarget section */

/* Begin PBXProject section */
		17742D2520B36B2C00838E5B /* Project object */ = {
			isa = PBXProject;
			attributes = {
				LastSwiftUpdateCheck = 0930;
				LastUpgradeCheck = 0930;
				ORGANIZATIONNAME = "Stuart Foulston";
				TargetAttributes = {
					17742D2D20B36B2C00838E5B = {
						CreatedOnToolsVersion = 9.3.1;
						LastSwiftMigration = 1000;
					};
					17742D3620B36B2C00838E5B = {
						CreatedOnToolsVersion = 9.3.1;
					};
				};
			};
			buildConfigurationList = 17742D2820B36B2C00838E5B /* Build configuration list for PBXProject "iOS Utilities" */;
			compatibilityVersion = "Xcode 9.3";
			developmentRegion = en;
			hasScannedForEncodings = 0;
			knownRegions = (
				en,
			);
			mainGroup = 17742D2420B36B2C00838E5B;
			productRefGroup = 17742D2F20B36B2C00838E5B /* Products */;
			projectDirPath = "";
			projectRoot = "";
			targets = (
				17742D2D20B36B2C00838E5B /* iOS Utilities */,
				17742D3620B36B2C00838E5B /* iOS Utilities Tests */,
			);
		};
/* End PBXProject section */

/* Begin PBXResourcesBuildPhase section */
		17742D2C20B36B2C00838E5B /* Resources */ = {
			isa = PBXResourcesBuildPhase;
			buildActionMask = 2147483647;
			files = (
			);
			runOnlyForDeploymentPostprocessing = 0;
		};
		17742D3520B36B2C00838E5B /* Resources */ = {
			isa = PBXResourcesBuildPhase;
			buildActionMask = 2147483647;
			files = (
			);
			runOnlyForDeploymentPostprocessing = 0;
		};
/* End PBXResourcesBuildPhase section */

/* Begin PBXSourcesBuildPhase section */
		17742D2920B36B2C00838E5B /* Sources */ = {
			isa = PBXSourcesBuildPhase;
			buildActionMask = 2147483647;
			files = (
				17742DCA20B3A28A00838E5B /* SenderWrapper.swift in Sources */,
				17742D7120B37E5F00838E5B /* SelfSizingContainerView.swift in Sources */,
				17437A0320EEBBDE00F07D77 /* GradientView.swift in Sources */,
				17742D8F20B3815300838E5B /* Error+Additions.swift in Sources */,
				17742D7320B37E7200838E5B /* TransparentNavigationBar.swift in Sources */,
				17742D8D20B3813A00838E5B /* NSMutableAttributedString+Additions.swift in Sources */,
				17742D6720B37D2B00838E5B /* OffScreenViewTableView.swift in Sources */,
				17437A0120EEBBB800F07D77 /* GradientMaskView.swift in Sources */,
				17742D8B20B3811900838E5B /* UIButton+VerticalComponents.swift in Sources */,
				17742DC020B3A13B00838E5B /* UIViewAnimationOptions+Additions.swift in Sources */,
				17742D7920B37EE100838E5B /* PassthroughView.swift in Sources */,
				17742DC820B3A26200838E5B /* KeyboardObserving.swift in Sources */,
				17742D8720B380A900838E5B /* CharacterSet+Additions.swift in Sources */,
				17742D5920B37A4900838E5B /* Broadcaster.swift in Sources */,
				17742D9120B3816F00838E5B /* UITableView+Additions.swift in Sources */,
				17742D6120B37C2300838E5B /* Timer+Additions.swift in Sources */,
				17742D8120B3804500838E5B /* String+Additions.swift in Sources */,
				17742D6920B37D5E00838E5B /* OffScreenViewCollectionView.swift in Sources */,
				17742D8920B380E500838E5B /* Array+Additions.swift in Sources */,
				17742D6B20B37D8200838E5B /* FadingImageView.swift in Sources */,
				17742D7720B37EC600838E5B /* MinimumHitTargetButton.swift in Sources */,
				17742D8520B3809200838E5B /* Date+ISO8601.swift in Sources */,
				17742D8320B3807100838E5B /* TimeInterval+ISO8601.swift in Sources */,
				179AFA63215D17F200668FA3 /* AngleGradientLayer.m in Sources */,
				17742D7B20B37F0C00838E5B /* AppVersionTracker.swift in Sources */,
				17742D7520B37E8900838E5B /* UIImage+Additions.swift in Sources */,
				17742D6520B37CE100838E5B /* OffScreenViewRegistrar.swift in Sources */,
				17742D7D20B37FD600838E5B /* SegueHandler.swift in Sources */,
				17742D7F20B3802700838E5B /* StoryboardIdentifiable.swift in Sources */,
				17742D5D20B37B8C00838E5B /* FadingVolumePlayer.swift in Sources */,
				17742D5F20B37BB400838E5B /* Easing.swift in Sources */,
				17742D6F20B37E3E00838E5B /* HairlineView.swift in Sources */,
				17742D6D20B37DA300838E5B /* Utilities.swift in Sources */,
				17742D5B20B37AAD00838E5B /* Keychain.swift in Sources */,
			);
			runOnlyForDeploymentPostprocessing = 0;
		};
		17742D3320B36B2C00838E5B /* Sources */ = {
			isa = PBXSourcesBuildPhase;
			buildActionMask = 2147483647;
			files = (
				17742D3D20B36B2C00838E5B /* iOS_Utilities_Tests.swift in Sources */,
			);
			runOnlyForDeploymentPostprocessing = 0;
		};
/* End PBXSourcesBuildPhase section */

/* Begin PBXTargetDependency section */
		17742D3A20B36B2C00838E5B /* PBXTargetDependency */ = {
			isa = PBXTargetDependency;
			target = 17742D2D20B36B2C00838E5B /* iOS Utilities */;
			targetProxy = 17742D3920B36B2C00838E5B /* PBXContainerItemProxy */;
		};
/* End PBXTargetDependency section */

/* Begin XCBuildConfiguration section */
		17742D4020B36B2C00838E5B /* Debug */ = {
			isa = XCBuildConfiguration;
			buildSettings = {
				ALWAYS_SEARCH_USER_PATHS = NO;
				CLANG_ANALYZER_NONNULL = YES;
				CLANG_ANALYZER_NUMBER_OBJECT_CONVERSION = YES_AGGRESSIVE;
				CLANG_CXX_LANGUAGE_STANDARD = "gnu++14";
				CLANG_CXX_LIBRARY = "libc++";
				CLANG_ENABLE_MODULES = YES;
				CLANG_ENABLE_OBJC_ARC = YES;
				CLANG_ENABLE_OBJC_WEAK = YES;
				CLANG_WARN_BLOCK_CAPTURE_AUTORELEASING = YES;
				CLANG_WARN_BOOL_CONVERSION = YES;
				CLANG_WARN_COMMA = YES;
				CLANG_WARN_CONSTANT_CONVERSION = YES;
				CLANG_WARN_DEPRECATED_OBJC_IMPLEMENTATIONS = YES;
				CLANG_WARN_DIRECT_OBJC_ISA_USAGE = YES_ERROR;
				CLANG_WARN_DOCUMENTATION_COMMENTS = YES;
				CLANG_WARN_EMPTY_BODY = YES;
				CLANG_WARN_ENUM_CONVERSION = YES;
				CLANG_WARN_INFINITE_RECURSION = YES;
				CLANG_WARN_INT_CONVERSION = YES;
				CLANG_WARN_NON_LITERAL_NULL_CONVERSION = YES;
				CLANG_WARN_OBJC_IMPLICIT_RETAIN_SELF = YES;
				CLANG_WARN_OBJC_LITERAL_CONVERSION = YES;
				CLANG_WARN_OBJC_ROOT_CLASS = YES_ERROR;
				CLANG_WARN_RANGE_LOOP_ANALYSIS = YES;
				CLANG_WARN_STRICT_PROTOTYPES = YES;
				CLANG_WARN_SUSPICIOUS_MOVE = YES;
				CLANG_WARN_UNGUARDED_AVAILABILITY = YES_AGGRESSIVE;
				CLANG_WARN_UNREACHABLE_CODE = YES;
				CLANG_WARN__DUPLICATE_METHOD_MATCH = YES;
				CODE_SIGN_IDENTITY = "iPhone Developer";
				COPY_PHASE_STRIP = NO;
				CURRENT_PROJECT_VERSION = 1;
				DEBUG_INFORMATION_FORMAT = dwarf;
				ENABLE_STRICT_OBJC_MSGSEND = YES;
				ENABLE_TESTABILITY = YES;
				GCC_C_LANGUAGE_STANDARD = gnu11;
				GCC_DYNAMIC_NO_PIC = NO;
				GCC_NO_COMMON_BLOCKS = YES;
				GCC_OPTIMIZATION_LEVEL = 0;
				GCC_PREPROCESSOR_DEFINITIONS = (
					"DEBUG=1",
					"$(inherited)",
				);
				GCC_WARN_64_TO_32_BIT_CONVERSION = YES;
				GCC_WARN_ABOUT_RETURN_TYPE = YES_ERROR;
				GCC_WARN_UNDECLARED_SELECTOR = YES;
				GCC_WARN_UNINITIALIZED_AUTOS = YES_AGGRESSIVE;
				GCC_WARN_UNUSED_FUNCTION = YES;
				GCC_WARN_UNUSED_VARIABLE = YES;
				IPHONEOS_DEPLOYMENT_TARGET = 11.3;
				MTL_ENABLE_DEBUG_INFO = YES;
				ONLY_ACTIVE_ARCH = YES;
				SDKROOT = iphoneos;
				SWIFT_ACTIVE_COMPILATION_CONDITIONS = DEBUG;
				SWIFT_OBJC_BRIDGING_HEADER = "";
				SWIFT_OPTIMIZATION_LEVEL = "-Onone";
				VERSIONING_SYSTEM = "apple-generic";
				VERSION_INFO_PREFIX = "";
			};
			name = Debug;
		};
		17742D4120B36B2C00838E5B /* Release */ = {
			isa = XCBuildConfiguration;
			buildSettings = {
				ALWAYS_SEARCH_USER_PATHS = NO;
				CLANG_ANALYZER_NONNULL = YES;
				CLANG_ANALYZER_NUMBER_OBJECT_CONVERSION = YES_AGGRESSIVE;
				CLANG_CXX_LANGUAGE_STANDARD = "gnu++14";
				CLANG_CXX_LIBRARY = "libc++";
				CLANG_ENABLE_MODULES = YES;
				CLANG_ENABLE_OBJC_ARC = YES;
				CLANG_ENABLE_OBJC_WEAK = YES;
				CLANG_WARN_BLOCK_CAPTURE_AUTORELEASING = YES;
				CLANG_WARN_BOOL_CONVERSION = YES;
				CLANG_WARN_COMMA = YES;
				CLANG_WARN_CONSTANT_CONVERSION = YES;
				CLANG_WARN_DEPRECATED_OBJC_IMPLEMENTATIONS = YES;
				CLANG_WARN_DIRECT_OBJC_ISA_USAGE = YES_ERROR;
				CLANG_WARN_DOCUMENTATION_COMMENTS = YES;
				CLANG_WARN_EMPTY_BODY = YES;
				CLANG_WARN_ENUM_CONVERSION = YES;
				CLANG_WARN_INFINITE_RECURSION = YES;
				CLANG_WARN_INT_CONVERSION = YES;
				CLANG_WARN_NON_LITERAL_NULL_CONVERSION = YES;
				CLANG_WARN_OBJC_IMPLICIT_RETAIN_SELF = YES;
				CLANG_WARN_OBJC_LITERAL_CONVERSION = YES;
				CLANG_WARN_OBJC_ROOT_CLASS = YES_ERROR;
				CLANG_WARN_RANGE_LOOP_ANALYSIS = YES;
				CLANG_WARN_STRICT_PROTOTYPES = YES;
				CLANG_WARN_SUSPICIOUS_MOVE = YES;
				CLANG_WARN_UNGUARDED_AVAILABILITY = YES_AGGRESSIVE;
				CLANG_WARN_UNREACHABLE_CODE = YES;
				CLANG_WARN__DUPLICATE_METHOD_MATCH = YES;
				CODE_SIGN_IDENTITY = "iPhone Developer";
				COPY_PHASE_STRIP = NO;
				CURRENT_PROJECT_VERSION = 1;
				DEBUG_INFORMATION_FORMAT = "dwarf-with-dsym";
				ENABLE_NS_ASSERTIONS = NO;
				ENABLE_STRICT_OBJC_MSGSEND = YES;
				GCC_C_LANGUAGE_STANDARD = gnu11;
				GCC_NO_COMMON_BLOCKS = YES;
				GCC_WARN_64_TO_32_BIT_CONVERSION = YES;
				GCC_WARN_ABOUT_RETURN_TYPE = YES_ERROR;
				GCC_WARN_UNDECLARED_SELECTOR = YES;
				GCC_WARN_UNINITIALIZED_AUTOS = YES_AGGRESSIVE;
				GCC_WARN_UNUSED_FUNCTION = YES;
				GCC_WARN_UNUSED_VARIABLE = YES;
				IPHONEOS_DEPLOYMENT_TARGET = 11.3;
				MTL_ENABLE_DEBUG_INFO = NO;
				SDKROOT = iphoneos;
				SWIFT_COMPILATION_MODE = wholemodule;
				SWIFT_OBJC_BRIDGING_HEADER = "";
				SWIFT_OPTIMIZATION_LEVEL = "-O";
				VALIDATE_PRODUCT = YES;
				VERSIONING_SYSTEM = "apple-generic";
				VERSION_INFO_PREFIX = "";
			};
			name = Release;
		};
		17742D4320B36B2C00838E5B /* Debug */ = {
			isa = XCBuildConfiguration;
			buildSettings = {
				CLANG_ENABLE_MODULES = YES;
				CODE_SIGN_IDENTITY = "";
				CODE_SIGN_STYLE = Automatic;
				DEFINES_MODULE = YES;
				DEVELOPMENT_TEAM = 7UDVZ5PRVW;
				DYLIB_COMPATIBILITY_VERSION = 1;
				DYLIB_CURRENT_VERSION = 1;
				DYLIB_INSTALL_NAME_BASE = "@rpath";
				INFOPLIST_FILE = "iOS Utilities/Info.plist";
				INSTALL_PATH = "$(LOCAL_LIBRARY_DIR)/Frameworks";
				LD_RUNPATH_SEARCH_PATHS = (
					"$(inherited)",
					"@executable_path/Frameworks",
					"@loader_path/Frameworks",
				);
				PRODUCT_BUNDLE_IDENTIFIER = "com.sfoulston.iOS-Utilities";
				PRODUCT_NAME = "$(TARGET_NAME:c99extidentifier)";
				SKIP_INSTALL = YES;
				SWIFT_OPTIMIZATION_LEVEL = "-Onone";
				SWIFT_VERSION = 4.2;
				TARGETED_DEVICE_FAMILY = "1,2";
			};
			name = Debug;
		};
		17742D4420B36B2C00838E5B /* Release */ = {
			isa = XCBuildConfiguration;
			buildSettings = {
				CLANG_ENABLE_MODULES = YES;
				CODE_SIGN_IDENTITY = "";
				CODE_SIGN_STYLE = Automatic;
				DEFINES_MODULE = YES;
				DEVELOPMENT_TEAM = 7UDVZ5PRVW;
				DYLIB_COMPATIBILITY_VERSION = 1;
				DYLIB_CURRENT_VERSION = 1;
				DYLIB_INSTALL_NAME_BASE = "@rpath";
				INFOPLIST_FILE = "iOS Utilities/Info.plist";
				INSTALL_PATH = "$(LOCAL_LIBRARY_DIR)/Frameworks";
				LD_RUNPATH_SEARCH_PATHS = (
					"$(inherited)",
					"@executable_path/Frameworks",
					"@loader_path/Frameworks",
				);
				PRODUCT_BUNDLE_IDENTIFIER = "com.sfoulston.iOS-Utilities";
				PRODUCT_NAME = "$(TARGET_NAME:c99extidentifier)";
				SKIP_INSTALL = YES;
				SWIFT_VERSION = 4.2;
				TARGETED_DEVICE_FAMILY = "1,2";
			};
			name = Release;
		};
		17742D4620B36B2C00838E5B /* Debug */ = {
			isa = XCBuildConfiguration;
			buildSettings = {
				ALWAYS_EMBED_SWIFT_STANDARD_LIBRARIES = YES;
				CODE_SIGN_STYLE = Automatic;
				DEVELOPMENT_TEAM = 7UDVZ5PRVW;
				INFOPLIST_FILE = "iOS Utilities Tests/Info.plist";
				LD_RUNPATH_SEARCH_PATHS = (
					"$(inherited)",
					"@executable_path/Frameworks",
					"@loader_path/Frameworks",
				);
				PRODUCT_BUNDLE_IDENTIFIER = "com.sfoulston.iOS-UtilitiesTests";
				PRODUCT_NAME = "$(TARGET_NAME)";
				SWIFT_VERSION = 4.0;
				TARGETED_DEVICE_FAMILY = "1,2";
			};
			name = Debug;
		};
		17742D4720B36B2C00838E5B /* Release */ = {
			isa = XCBuildConfiguration;
			buildSettings = {
				ALWAYS_EMBED_SWIFT_STANDARD_LIBRARIES = YES;
				CODE_SIGN_STYLE = Automatic;
				DEVELOPMENT_TEAM = 7UDVZ5PRVW;
				INFOPLIST_FILE = "iOS Utilities Tests/Info.plist";
				LD_RUNPATH_SEARCH_PATHS = (
					"$(inherited)",
					"@executable_path/Frameworks",
					"@loader_path/Frameworks",
				);
				PRODUCT_BUNDLE_IDENTIFIER = "com.sfoulston.iOS-UtilitiesTests";
				PRODUCT_NAME = "$(TARGET_NAME)";
				SWIFT_VERSION = 4.0;
				TARGETED_DEVICE_FAMILY = "1,2";
			};
			name = Release;
		};
/* End XCBuildConfiguration section */

/* Begin XCConfigurationList section */
		17742D2820B36B2C00838E5B /* Build configuration list for PBXProject "iOS Utilities" */ = {
			isa = XCConfigurationList;
			buildConfigurations = (
				17742D4020B36B2C00838E5B /* Debug */,
				17742D4120B36B2C00838E5B /* Release */,
			);
			defaultConfigurationIsVisible = 0;
			defaultConfigurationName = Release;
		};
		17742D4220B36B2C00838E5B /* Build configuration list for PBXNativeTarget "iOS Utilities" */ = {
			isa = XCConfigurationList;
			buildConfigurations = (
				17742D4320B36B2C00838E5B /* Debug */,
				17742D4420B36B2C00838E5B /* Release */,
			);
			defaultConfigurationIsVisible = 0;
			defaultConfigurationName = Release;
		};
		17742D4520B36B2C00838E5B /* Build configuration list for PBXNativeTarget "iOS Utilities Tests" */ = {
			isa = XCConfigurationList;
			buildConfigurations = (
				17742D4620B36B2C00838E5B /* Debug */,
				17742D4720B36B2C00838E5B /* Release */,
			);
			defaultConfigurationIsVisible = 0;
			defaultConfigurationName = Release;
		};
/* End XCConfigurationList section */
	};
	rootObject = 17742D2520B36B2C00838E5B /* Project object */;
}
